
Microsoft Visual Studio Solution File, Format Version 12.00
# Visual Studio Version 17
VisualStudioVersion = 17.5.002.0
MinimumVisualStudioVersion = 10.0.40219.1
Project("{9A19103F-16F7-4668-BE54-9A1E7A4F7556}") = "AnimaA1_19_10", "AnimaA1_19_10.csproj", "{04173723-5E6C-4B6D-AAC9-9691B2B540B6}"
EndProject
Global
	GlobalSection(SolutionConfigurationPlatforms) = preSolution
		Debug|Any CPU = Debug|Any CPU
		Release|Any CPU = Release|Any CPU
	EndGlobalSection
	GlobalSection(ProjectConfigurationPlatforms) = postSolution
		{04173723-5E6C-4B6D-AAC9-9691B2B540B6}.Debug|Any CPU.ActiveCfg = Debug|Any CPU
		{04173723-5E6C-4B6D-AAC9-9691B2B540B6}.Debug|Any CPU.Build.0 = Debug|Any CPU
		{04173723-5E6C-4B6D-AAC9-9691B2B540B6}.Release|Any CPU.ActiveCfg = Release|Any CPU
		{04173723-5E6C-4B6D-AAC9-9691B2B540B6}.Release|Any CPU.Build.0 = Release|Any CPU
	EndGlobalSection
	GlobalSection(SolutionProperties) = preSolution
		HideSolutionNode = FALSE
	EndGlobalSection
	GlobalSection(ExtensibilityGlobals) = postSolution
		SolutionGuid = {7E5AD198-2079-46E3-9C95-F948379FB994}
	EndGlobalSection
EndGlobal
